<?xml version="1.0" encoding="utf-8"?>
<Project ToolsVersion="4.0" xmlns="http://schemas.microsoft.com/developer/msbuild/2003">
  <ItemGroup>
    <Filter Include="源文件">
      <UniqueIdentifier>{4FC737F1-C7A5-4376-A066-2A32D752A2FF}</UniqueIdentifier>
      <Extensions>cpp;c;cc;cxx;def;odl;idl;hpj;bat;asm;asmx</Extensions>
    </Filter>
    <Filter Include="头文件">
      <UniqueIdentifier>{93995380-89BD-4b04-88EB-625FBE52EBFB}</UniqueIdentifier>
      <Extensions>h;hh;hpp;hxx;hm;inl;inc;ipp;xsd</Extensions>
    </Filter>
    <Filter Include="资源文件">
      <UniqueIdentifier>{67DA6AB6-F800-4c08-8B7A-83BB121AAD01}</UniqueIdentifier>
      <Extensions>rc;ico;cur;bmp;dlg;rc2;rct;bin;rgs;gif;jpg;jpeg;jpe;resx;tiff;tif;png;wav;mfcribbon-ms</Extensions>
    </Filter>
    <Filter Include="homework">
      <UniqueIdentifier>{a4e02db2-958b-460e-b742-b92131de2859}</UniqueIdentifier>
    </Filter>
    <Filter Include="gamewindow">
      <UniqueIdentifier>{7cd603d2-d2ea-4f60-89ee-024b6d885b53}</UniqueIdentifier>
    </Filter>
    <Filter Include="homework\h">
      <UniqueIdentifier>{c588e4f8-0271-44d5-b8d7-253f537f1a41}</UniqueIdentifier>
    </Filter>
    <Filter Include="homework\cpp">
      <UniqueIdentifier>{e62d08b7-9667-4439-8595-94d5642c175b}</UniqueIdentifier>
    </Filter>
  </ItemGroup>
  <ItemGroup>
    <ClCompile Include="..\..\..\learn_opengl\glad\src\glad.c">
      <Filter>源文件</Filter>
    </ClCompile>
    <ClCompile Include="window.cpp">
      <Filter>gamewindow</Filter>
    </ClCompile>
    <ClCompile Include="test.cpp">
      <Filter>源文件</Filter>
    </ClCompile>
    <ClCompile Include="homeworkbase.cpp">
      <Filter>homework\cpp</Filter>
    </ClCompile>
  </ItemGroup>
  <ItemGroup>
    <ClInclude Include="window.h">
      <Filter>gamewindow</Filter>
    </ClInclude>
    <ClInclude Include="shader.h">
      <Filter>头文件</Filter>
    </ClInclude>
    <ClInclude Include="homeworkbase.h">
      <Filter>homework\h</Filter>
    </ClInclude>
    <ClInclude Include="01draw2triangles.h">
      <Filter>homework\h</Filter>
    </ClInclude>
    <ClInclude Include="02moreVertexAttrTriangles.h">
      <Filter>homework\h</Filter>
    </ClInclude>
  </ItemGroup>
</Project>